
Microsoft Visual Studio Solution File, Format Version 12.00
# Visual Studio Version 17
VisualStudioVersion = 17.1.32228.430
MinimumVisualStudioVersion = 10.0.40219.1
Project("{9A19103F-16F7-4668-BE54-9A1E7A4F7556}") = "ExemploPraticoCSharp", "ExemploPraticoCSharp\ExemploPraticoCSharp.csproj", "{399227AB-52E5-4C2B-BDCA-2391BF007D67}"
EndProject
Project("{2150E333-8FDC-42A3-9474-1A3956D46DE8}") = "curso CSharp YouTube", "curso CSharp YouTube", "{B75A3E3E-4493-46E8-A4AA-8F079ABB93D6}"
EndProject
Global
	GlobalSection(SolutionConfigurationPlatforms) = preSolution
		Debug|Any CPU = Debug|Any CPU
		Release|Any CPU = Release|Any CPU
	EndGlobalSection
	GlobalSection(ProjectConfigurationPlatforms) = postSolution
		{399227AB-52E5-4C2B-BDCA-2391BF007D67}.Debug|Any CPU.ActiveCfg = Debug|Any CPU
		{399227AB-52E5-4C2B-BDCA-2391BF007D67}.Debug|Any CPU.Build.0 = Debug|Any CPU
		{399227AB-52E5-4C2B-BDCA-2391BF007D67}.Release|Any CPU.ActiveCfg = Release|Any CPU
		{399227AB-52E5-4C2B-BDCA-2391BF007D67}.Release|Any CPU.Build.0 = Release|Any CPU
	EndGlobalSection
	GlobalSection(SolutionProperties) = preSolution
		HideSolutionNode = FALSE
	EndGlobalSection
	GlobalSection(ExtensibilityGlobals) = postSolution
		SolutionGuid = {E6C6D927-1C67-4D58-9760-E7E129EBABE7}
	EndGlobalSection
EndGlobal
